
Microsoft Visual Studio Solution File, Format Version 12.00
# Visual Studio Version 17
VisualStudioVersion = 17.14.36623.8
MinimumVisualStudioVersion = 10.0.40219.1
Project("{FAE04EC0-301F-11D3-BF4B-00C04F79EFBC}") = "University.Infra", "University.Infra\University.Infra.csproj", "{220A85ED-26EB-4043-A36E-43B20525BE9D}"
EndProject
Project("{FAE04EC0-301F-11D3-BF4B-00C04F79EFBC}") = "University.Ui", "University.Ui\University.Ui.csproj", "{3E441DA2-5625-4D2F-92AC-59D07C501124}"
EndProject
Project("{FAE04EC0-301F-11D3-BF4B-00C04F79EFBC}") = "University", "University\University.csproj", "{140D64D6-1BA9-41D0-990A-0B056202E8AA}"
EndProject
Global
	GlobalSection(SolutionConfigurationPlatforms) = preSolution
		Debug|Any CPU = Debug|Any CPU
		Release|Any CPU = Release|Any CPU
	EndGlobalSection
	GlobalSection(ProjectConfigurationPlatforms) = postSolution
		{220A85ED-26EB-4043-A36E-43B20525BE9D}.Debug|Any CPU.ActiveCfg = Debug|Any CPU
		{220A85ED-26EB-4043-A36E-43B20525BE9D}.Debug|Any CPU.Build.0 = Debug|Any CPU
		{220A85ED-26EB-4043-A36E-43B20525BE9D}.Release|Any CPU.ActiveCfg = Release|Any CPU
		{220A85ED-26EB-4043-A36E-43B20525BE9D}.Release|Any CPU.Build.0 = Release|Any CPU
		{3E441DA2-5625-4D2F-92AC-59D07C501124}.Debug|Any CPU.ActiveCfg = Debug|Any CPU
		{3E441DA2-5625-4D2F-92AC-59D07C501124}.Debug|Any CPU.Build.0 = Debug|Any CPU
		{3E441DA2-5625-4D2F-92AC-59D07C501124}.Release|Any CPU.ActiveCfg = Release|Any CPU
		{3E441DA2-5625-4D2F-92AC-59D07C501124}.Release|Any CPU.Build.0 = Release|Any CPU
		{140D64D6-1BA9-41D0-990A-0B056202E8AA}.Debug|Any CPU.ActiveCfg = Debug|Any CPU
		{140D64D6-1BA9-41D0-990A-0B056202E8AA}.Debug|Any CPU.Build.0 = Debug|Any CPU
		{140D64D6-1BA9-41D0-990A-0B056202E8AA}.Release|Any CPU.ActiveCfg = Release|Any CPU
		{140D64D6-1BA9-41D0-990A-0B056202E8AA}.Release|Any CPU.Build.0 = Release|Any CPU
	EndGlobalSection
	GlobalSection(SolutionProperties) = preSolution
		HideSolutionNode = FALSE
	EndGlobalSection
	GlobalSection(ExtensibilityGlobals) = postSolution
		SolutionGuid = {F491C8A1-0F99-47D8-89A3-62DFEACC6D22}
	EndGlobalSection
EndGlobal
