
Microsoft Visual Studio Solution File, Format Version 12.00
# Visual Studio Version 17
VisualStudioVersion = 17.14.36623.8
MinimumVisualStudioVersion = 10.0.40219.1
Project("{FAE04EC0-301F-11D3-BF4B-00C04F79EFBC}") = "University", "University\University.csproj", "{BF90684C-028C-4B5F-AE3C-CBCD64DCC4F3}"
EndProject
Project("{FAE04EC0-301F-11D3-BF4B-00C04F79EFBC}") = "University.Infra", "University.Infra\University.Infra.csproj", "{220A85ED-26EB-4043-A36E-43B20525BE9D}"
EndProject
Global
	GlobalSection(SolutionConfigurationPlatforms) = preSolution
		Debug|Any CPU = Debug|Any CPU
		Release|Any CPU = Release|Any CPU
	EndGlobalSection
	GlobalSection(ProjectConfigurationPlatforms) = postSolution
		{BF90684C-028C-4B5F-AE3C-CBCD64DCC4F3}.Debug|Any CPU.ActiveCfg = Debug|Any CPU
		{BF90684C-028C-4B5F-AE3C-CBCD64DCC4F3}.Debug|Any CPU.Build.0 = Debug|Any CPU
		{BF90684C-028C-4B5F-AE3C-CBCD64DCC4F3}.Release|Any CPU.ActiveCfg = Release|Any CPU
		{BF90684C-028C-4B5F-AE3C-CBCD64DCC4F3}.Release|Any CPU.Build.0 = Release|Any CPU
		{220A85ED-26EB-4043-A36E-43B20525BE9D}.Debug|Any CPU.ActiveCfg = Debug|Any CPU
		{220A85ED-26EB-4043-A36E-43B20525BE9D}.Debug|Any CPU.Build.0 = Debug|Any CPU
		{220A85ED-26EB-4043-A36E-43B20525BE9D}.Release|Any CPU.ActiveCfg = Release|Any CPU
		{220A85ED-26EB-4043-A36E-43B20525BE9D}.Release|Any CPU.Build.0 = Release|Any CPU
	EndGlobalSection
	GlobalSection(SolutionProperties) = preSolution
		HideSolutionNode = FALSE
	EndGlobalSection
	GlobalSection(ExtensibilityGlobals) = postSolution
		SolutionGuid = {F491C8A1-0F99-47D8-89A3-62DFEACC6D22}
	EndGlobalSection
EndGlobal
